
Microsoft Visual Studio Solution File, Format Version 12.00
# Visual Studio Version 16
VisualStudioVersion = 16.0.29209.62
MinimumVisualStudioVersion = 10.0.40219.1
Project("{FAE04EC0-301F-11D3-BF4B-00C04F79EFBC}") = "MakeIt.DAL", "MakeIt.DAL\MakeIt.DAL.csproj", "{44416374-D888-4E83-978B-DCB7372F979A}"
EndProject
Project("{FAE04EC0-301F-11D3-BF4B-00C04F79EFBC}") = "MakeIt.Repository", "MakeIt.Repository\MakeIt.Repository.csproj", "{924B2941-A4DA-4C28-A783-C9C04CAA2BF1}"
EndProject
Project("{FAE04EC0-301F-11D3-BF4B-00C04F79EFBC}") = "MakeIt.BLL", "MakeIt.BLL\MakeIt.BLL.csproj", "{C3B75EEB-4C49-4A6A-AFC2-B62004372A07}"
EndProject
Project("{FAE04EC0-301F-11D3-BF4B-00C04F79EFBC}") = "MakeIt.WebUI", "MakeIt.WebUI\MakeIt.WebUI.csproj", "{084F2B58-3C31-4C53-928B-4E7BCC0317F6}"
EndProject
Project("{FAE04EC0-301F-11D3-BF4B-00C04F79EFBC}") = "MakeIt.Test", "MakeIt.Test\MakeIt.Test.csproj", "{306BCBB9-CEC6-4AD4-92B3-1684551E29E7}"
EndProject
Global
	GlobalSection(SolutionConfigurationPlatforms) = preSolution
		Debug|Any CPU = Debug|Any CPU
		Release|Any CPU = Release|Any CPU
	EndGlobalSection
	GlobalSection(ProjectConfigurationPlatforms) = postSolution
		{44416374-D888-4E83-978B-DCB7372F979A}.Debug|Any CPU.ActiveCfg = Debug|Any CPU
		{44416374-D888-4E83-978B-DCB7372F979A}.Debug|Any CPU.Build.0 = Debug|Any CPU
		{44416374-D888-4E83-978B-DCB7372F979A}.Release|Any CPU.ActiveCfg = Release|Any CPU
		{44416374-D888-4E83-978B-DCB7372F979A}.Release|Any CPU.Build.0 = Release|Any CPU
		{924B2941-A4DA-4C28-A783-C9C04CAA2BF1}.Debug|Any CPU.ActiveCfg = Debug|Any CPU
		{924B2941-A4DA-4C28-A783-C9C04CAA2BF1}.Debug|Any CPU.Build.0 = Debug|Any CPU
		{924B2941-A4DA-4C28-A783-C9C04CAA2BF1}.Release|Any CPU.ActiveCfg = Release|Any CPU
		{924B2941-A4DA-4C28-A783-C9C04CAA2BF1}.Release|Any CPU.Build.0 = Release|Any CPU
		{C3B75EEB-4C49-4A6A-AFC2-B62004372A07}.Debug|Any CPU.ActiveCfg = Debug|Any CPU
		{C3B75EEB-4C49-4A6A-AFC2-B62004372A07}.Debug|Any CPU.Build.0 = Debug|Any CPU
		{C3B75EEB-4C49-4A6A-AFC2-B62004372A07}.Release|Any CPU.ActiveCfg = Release|Any CPU
		{C3B75EEB-4C49-4A6A-AFC2-B62004372A07}.Release|Any CPU.Build.0 = Release|Any CPU
		{084F2B58-3C31-4C53-928B-4E7BCC0317F6}.Debug|Any CPU.ActiveCfg = Debug|Any CPU
		{084F2B58-3C31-4C53-928B-4E7BCC0317F6}.Debug|Any CPU.Build.0 = Debug|Any CPU
		{084F2B58-3C31-4C53-928B-4E7BCC0317F6}.Release|Any CPU.ActiveCfg = Release|Any CPU
		{084F2B58-3C31-4C53-928B-4E7BCC0317F6}.Release|Any CPU.Build.0 = Release|Any CPU
		{306BCBB9-CEC6-4AD4-92B3-1684551E29E7}.Debug|Any CPU.ActiveCfg = Debug|Any CPU
		{306BCBB9-CEC6-4AD4-92B3-1684551E29E7}.Debug|Any CPU.Build.0 = Debug|Any CPU
		{306BCBB9-CEC6-4AD4-92B3-1684551E29E7}.Release|Any CPU.ActiveCfg = Release|Any CPU
		{306BCBB9-CEC6-4AD4-92B3-1684551E29E7}.Release|Any CPU.Build.0 = Release|Any CPU
	EndGlobalSection
	GlobalSection(SolutionProperties) = preSolution
		HideSolutionNode = FALSE
	EndGlobalSection
	GlobalSection(ExtensibilityGlobals) = postSolution
		SolutionGuid = {07C071B9-CBE4-477C-96E4-42EF86A8AE91}
	EndGlobalSection
EndGlobal
